// !$*UTF8*$!
{
	archiveVersion = 1;
	classes = {
	};
	objectVersion = 50;
	objects = {

/* Begin PBXBuildFile section */
		E91F2B2B230152E800BE05D0 /* DIMPolylogue.m in Sources */ = {isa = PBXBuildFile; fileRef = E91F2B22230152E800BE05D0 /* DIMPolylogue.m */; };
		E91F2B2C230152E800BE05D0 /* DIMChatroom.m in Sources */ = {isa = PBXBuildFile; fileRef = E91F2B23230152E800BE05D0 /* DIMChatroom.m */; };
		E91F2B2D230152E800BE05D0 /* DIMChatroom.h in Headers */ = {isa = PBXBuildFile; fileRef = E91F2B24230152E800BE05D0 /* DIMChatroom.h */; settings = {ATTRIBUTES = (Public, ); }; };
		E91F2B2E230152E800BE05D0 /* DIMPolylogue.h in Headers */ = {isa = PBXBuildFile; fileRef = E91F2B25230152E800BE05D0 /* DIMPolylogue.h */; settings = {ATTRIBUTES = (Public, ); }; };
		E91F2B2F230152E800BE05D0 /* DIMContact.h in Headers */ = {isa = PBXBuildFile; fileRef = E91F2B27230152E800BE05D0 /* DIMContact.h */; settings = {ATTRIBUTES = (Public, ); }; };
		E91F2B30230152E800BE05D0 /* DIMMember.m in Sources */ = {isa = PBXBuildFile; fileRef = E91F2B28230152E800BE05D0 /* DIMMember.m */; };
		E91F2B31230152E800BE05D0 /* DIMContact.m in Sources */ = {isa = PBXBuildFile; fileRef = E91F2B29230152E800BE05D0 /* DIMContact.m */; };
		E91F2B32230152E800BE05D0 /* DIMMember.h in Headers */ = {isa = PBXBuildFile; fileRef = E91F2B2A230152E800BE05D0 /* DIMMember.h */; settings = {ATTRIBUTES = (Public, ); }; };
		E94C8DF522DDE1E20017F998 /* NSData+Extension.h in Headers */ = {isa = PBXBuildFile; fileRef = E94C8DF122DDE1E20017F998 /* NSData+Extension.h */; };
		E94C8DF622DDE1E20017F998 /* NSData+Extension.m in Sources */ = {isa = PBXBuildFile; fileRef = E94C8DF422DDE1E20017F998 /* NSData+Extension.m */; };
		E959902722F2CE0600C97D2D /* DIMKeyCache.h in Headers */ = {isa = PBXBuildFile; fileRef = E959902522F2CE0500C97D2D /* DIMKeyCache.h */; settings = {ATTRIBUTES = (Public, ); }; };
		E959902822F2CE0600C97D2D /* DIMKeyCache.m in Sources */ = {isa = PBXBuildFile; fileRef = E959902622F2CE0600C97D2D /* DIMKeyCache.m */; };
		E96D14A0231F9B5300B5EA59 /* DIMRobot.m in Sources */ = {isa = PBXBuildFile; fileRef = E96D149E231F9B5300B5EA59 /* DIMRobot.m */; };
		E96D14A1231F9B5300B5EA59 /* DIMRobot.h in Headers */ = {isa = PBXBuildFile; fileRef = E96D149F231F9B5300B5EA59 /* DIMRobot.h */; settings = {ATTRIBUTES = (Public, ); }; };
		E97908A1225F2FBA0024C830 /* DKDInstantMessage+Extension.m in Sources */ = {isa = PBXBuildFile; fileRef = E979089D225F2FB90024C830 /* DKDInstantMessage+Extension.m */; };
		E97908A2225F2FBA0024C830 /* DKDInstantMessage+Extension.h in Headers */ = {isa = PBXBuildFile; fileRef = E97908A0225F2FBA0024C830 /* DKDInstantMessage+Extension.h */; settings = {ATTRIBUTES = (Public, ); }; };
		E9BBC14C22427EBC00E6ACDA /* DIMCore.framework in Frameworks */ = {isa = PBXBuildFile; fileRef = E9BBC14222427EBC00E6ACDA /* DIMCore.framework */; };
		E9BBC15122427EBC00E6ACDA /* DIMCoreTests.m in Sources */ = {isa = PBXBuildFile; fileRef = E9BBC15022427EBC00E6ACDA /* DIMCoreTests.m */; };
		E9BBC1AB22427EF100E6ACDA /* DIMTransceiver.m in Sources */ = {isa = PBXBuildFile; fileRef = E9BBC16622427EF100E6ACDA /* DIMTransceiver.m */; };
		E9BBC1AC22427EF100E6ACDA /* DIMServiceProvider.m in Sources */ = {isa = PBXBuildFile; fileRef = E9BBC16822427EF100E6ACDA /* DIMServiceProvider.m */; };
		E9BBC1AD22427EF100E6ACDA /* DIMStation.h in Headers */ = {isa = PBXBuildFile; fileRef = E9BBC16922427EF100E6ACDA /* DIMStation.h */; settings = {ATTRIBUTES = (Public, ); }; };
		E9BBC1AE22427EF100E6ACDA /* DIMCAValidity.h in Headers */ = {isa = PBXBuildFile; fileRef = E9BBC16B22427EF100E6ACDA /* DIMCAValidity.h */; settings = {ATTRIBUTES = (Public, ); }; };
		E9BBC1AF22427EF100E6ACDA /* DIMCertificateAuthority.h in Headers */ = {isa = PBXBuildFile; fileRef = E9BBC16C22427EF100E6ACDA /* DIMCertificateAuthority.h */; settings = {ATTRIBUTES = (Public, ); }; };
		E9BBC1B022427EF100E6ACDA /* DIMCASubject.h in Headers */ = {isa = PBXBuildFile; fileRef = E9BBC16D22427EF100E6ACDA /* DIMCASubject.h */; settings = {ATTRIBUTES = (Public, ); }; };
		E9BBC1B122427EF100E6ACDA /* DIMCAData.h in Headers */ = {isa = PBXBuildFile; fileRef = E9BBC16E22427EF100E6ACDA /* DIMCAData.h */; settings = {ATTRIBUTES = (Public, ); }; };
		E9BBC1B222427EF100E6ACDA /* DIMCAData.m in Sources */ = {isa = PBXBuildFile; fileRef = E9BBC16F22427EF100E6ACDA /* DIMCAData.m */; };
		E9BBC1B322427EF100E6ACDA /* DIMCASubject.m in Sources */ = {isa = PBXBuildFile; fileRef = E9BBC17022427EF100E6ACDA /* DIMCASubject.m */; };
		E9BBC1B422427EF100E6ACDA /* DIMCertificateAuthority.m in Sources */ = {isa = PBXBuildFile; fileRef = E9BBC17122427EF100E6ACDA /* DIMCertificateAuthority.m */; };
		E9BBC1B522427EF100E6ACDA /* DIMCAValidity.m in Sources */ = {isa = PBXBuildFile; fileRef = E9BBC17222427EF100E6ACDA /* DIMCAValidity.m */; };
		E9BBC1B622427EF100E6ACDA /* DIMServiceProvider.h in Headers */ = {isa = PBXBuildFile; fileRef = E9BBC17322427EF100E6ACDA /* DIMServiceProvider.h */; settings = {ATTRIBUTES = (Public, ); }; };
		E9BBC1B722427EF100E6ACDA /* DIMStation.m in Sources */ = {isa = PBXBuildFile; fileRef = E9BBC17422427EF100E6ACDA /* DIMStation.m */; };
		E9BBC1B922427EF100E6ACDA /* DIMBarrack.h in Headers */ = {isa = PBXBuildFile; fileRef = E9BBC17622427EF100E6ACDA /* DIMBarrack.h */; settings = {ATTRIBUTES = (Public, ); }; };
		E9BBC1BF22427EF100E6ACDA /* dimMacros.h in Headers */ = {isa = PBXBuildFile; fileRef = E9BBC17C22427EF100E6ACDA /* dimMacros.h */; settings = {ATTRIBUTES = (Public, ); }; };
		E9BBC1C022427EF100E6ACDA /* DIMTransceiver.h in Headers */ = {isa = PBXBuildFile; fileRef = E9BBC17D22427EF100E6ACDA /* DIMTransceiver.h */; settings = {ATTRIBUTES = (Public, ); }; };
		E9BBC1D622427EF100E6ACDA /* DIMHandshakeCommand.m in Sources */ = {isa = PBXBuildFile; fileRef = E9BBC19522427EF100E6ACDA /* DIMHandshakeCommand.m */; };
		E9BBC1D722427EF100E6ACDA /* DIMProfileCommand.m in Sources */ = {isa = PBXBuildFile; fileRef = E9BBC19622427EF100E6ACDA /* DIMProfileCommand.m */; };
		E9BBC1D822427EF100E6ACDA /* DIMMetaCommand.h in Headers */ = {isa = PBXBuildFile; fileRef = E9BBC19722427EF100E6ACDA /* DIMMetaCommand.h */; settings = {ATTRIBUTES = (Public, ); }; };
		E9BBC1D922427EF100E6ACDA /* DIMCommand.h in Headers */ = {isa = PBXBuildFile; fileRef = E9BBC19822427EF100E6ACDA /* DIMCommand.h */; settings = {ATTRIBUTES = (Public, ); }; };
		E9BBC1DA22427EF100E6ACDA /* DIMGroupCommand.h in Headers */ = {isa = PBXBuildFile; fileRef = E9BBC19922427EF100E6ACDA /* DIMGroupCommand.h */; settings = {ATTRIBUTES = (Public, ); }; };
		E9BBC1DB22427EF100E6ACDA /* DIMHandshakeCommand.h in Headers */ = {isa = PBXBuildFile; fileRef = E9BBC19A22427EF100E6ACDA /* DIMHandshakeCommand.h */; settings = {ATTRIBUTES = (Public, ); }; };
		E9BBC1DC22427EF100E6ACDA /* DIMProfileCommand.h in Headers */ = {isa = PBXBuildFile; fileRef = E9BBC19B22427EF100E6ACDA /* DIMProfileCommand.h */; settings = {ATTRIBUTES = (Public, ); }; };
		E9BBC1DD22427EF100E6ACDA /* DIMMetaCommand.m in Sources */ = {isa = PBXBuildFile; fileRef = E9BBC19C22427EF100E6ACDA /* DIMMetaCommand.m */; };
		E9BBC1DE22427EF100E6ACDA /* DIMGroupCommand.m in Sources */ = {isa = PBXBuildFile; fileRef = E9BBC19D22427EF100E6ACDA /* DIMGroupCommand.m */; };
		E9BBC1DF22427EF100E6ACDA /* DIMCommand.m in Sources */ = {isa = PBXBuildFile; fileRef = E9BBC19E22427EF100E6ACDA /* DIMCommand.m */; };
		E9BBC1E122427EF100E6ACDA /* DIMBarrack.m in Sources */ = {isa = PBXBuildFile; fileRef = E9BBC1A022427EF100E6ACDA /* DIMBarrack.m */; };
		E9BBC1E222427EF100E6ACDA /* DIMCore.h in Headers */ = {isa = PBXBuildFile; fileRef = E9BBC1A122427EF100E6ACDA /* DIMCore.h */; settings = {ATTRIBUTES = (Public, ); }; };
		E9BBC1FC22427FCC00E6ACDA /* DaoKeDao.framework in Frameworks */ = {isa = PBXBuildFile; fileRef = E9BBC1EB22427EFF00E6ACDA /* DaoKeDao.framework */; };
		E9BBC1FD22427FCF00E6ACDA /* MingKeMing.framework in Frameworks */ = {isa = PBXBuildFile; fileRef = E9BBC1F422427F1000E6ACDA /* MingKeMing.framework */; };
		E9E824CC224BF64700A029F1 /* DIMReceiptCommand.m in Sources */ = {isa = PBXBuildFile; fileRef = E9E824C8224BF64700A029F1 /* DIMReceiptCommand.m */; };
		E9E824CF224BF64700A029F1 /* DIMReceiptCommand.h in Headers */ = {isa = PBXBuildFile; fileRef = E9E824CB224BF64700A029F1 /* DIMReceiptCommand.h */; settings = {ATTRIBUTES = (Public, ); }; };
		E9FC8DFD22B9089E0013FCD3 /* DIMVideoContent.m in Sources */ = {isa = PBXBuildFile; fileRef = E9FC8DED22B9089E0013FCD3 /* DIMVideoContent.m */; };
		E9FC8DFE22B9089E0013FCD3 /* DIMFileContent.h in Headers */ = {isa = PBXBuildFile; fileRef = E9FC8DEE22B9089E0013FCD3 /* DIMFileContent.h */; settings = {ATTRIBUTES = (Public, ); }; };
		E9FC8DFF22B9089E0013FCD3 /* DIMTextContent.m in Sources */ = {isa = PBXBuildFile; fileRef = E9FC8DEF22B9089E0013FCD3 /* DIMTextContent.m */; };
		E9FC8E0022B9089E0013FCD3 /* DIMImageContent.m in Sources */ = {isa = PBXBuildFile; fileRef = E9FC8DF022B9089E0013FCD3 /* DIMImageContent.m */; };
		E9FC8E0122B9089E0013FCD3 /* DIMAudioContent.h in Headers */ = {isa = PBXBuildFile; fileRef = E9FC8DF122B9089E0013FCD3 /* DIMAudioContent.h */; settings = {ATTRIBUTES = (Public, ); }; };
		E9FC8E0322B9089E0013FCD3 /* DIMWebpageContent.m in Sources */ = {isa = PBXBuildFile; fileRef = E9FC8DF322B9089E0013FCD3 /* DIMWebpageContent.m */; };
		E9FC8E0522B9089E0013FCD3 /* DIMVideoContent.h in Headers */ = {isa = PBXBuildFile; fileRef = E9FC8DF522B9089E0013FCD3 /* DIMVideoContent.h */; settings = {ATTRIBUTES = (Public, ); }; };
		E9FC8E0722B9089E0013FCD3 /* DIMAudioContent.m in Sources */ = {isa = PBXBuildFile; fileRef = E9FC8DF722B9089E0013FCD3 /* DIMAudioContent.m */; };
		E9FC8E0822B9089E0013FCD3 /* DIMTextContent.h in Headers */ = {isa = PBXBuildFile; fileRef = E9FC8DF822B9089E0013FCD3 /* DIMTextContent.h */; settings = {ATTRIBUTES = (Public, ); }; };
		E9FC8E0922B9089E0013FCD3 /* DIMImageContent.h in Headers */ = {isa = PBXBuildFile; fileRef = E9FC8DF922B9089E0013FCD3 /* DIMImageContent.h */; settings = {ATTRIBUTES = (Public, ); }; };
		E9FC8E0A22B9089E0013FCD3 /* DIMFileContent.m in Sources */ = {isa = PBXBuildFile; fileRef = E9FC8DFA22B9089E0013FCD3 /* DIMFileContent.m */; };
		E9FC8E0C22B9089E0013FCD3 /* DIMWebpageContent.h in Headers */ = {isa = PBXBuildFile; fileRef = E9FC8DFC22B9089E0013FCD3 /* DIMWebpageContent.h */; settings = {ATTRIBUTES = (Public, ); }; };
		E9FC8E0F22B909200013FCD3 /* MKMProfile+Extension.h in Headers */ = {isa = PBXBuildFile; fileRef = E9FC8E0D22B9091F0013FCD3 /* MKMProfile+Extension.h */; settings = {ATTRIBUTES = (Public, ); }; };
		E9FC8E1022B909200013FCD3 /* MKMProfile+Extension.m in Sources */ = {isa = PBXBuildFile; fileRef = E9FC8E0E22B9091F0013FCD3 /* MKMProfile+Extension.m */; };
		E9FC8E2B22B92F7E0013FCD3 /* DIMHistoryCommand.m in Sources */ = {isa = PBXBuildFile; fileRef = E9FC8E2922B92F7E0013FCD3 /* DIMHistoryCommand.m */; };
		E9FC8E2C22B92F7E0013FCD3 /* DIMHistoryCommand.h in Headers */ = {isa = PBXBuildFile; fileRef = E9FC8E2A22B92F7E0013FCD3 /* DIMHistoryCommand.h */; settings = {ATTRIBUTES = (Public, ); }; };
/* End PBXBuildFile section */

/* Begin PBXContainerItemProxy section */
		E9BBC14D22427EBC00E6ACDA /* PBXContainerItemProxy */ = {
			isa = PBXContainerItemProxy;
			containerPortal = E9BBC13922427EBC00E6ACDA /* Project object */;
			proxyType = 1;
			remoteGlobalIDString = E9BBC14122427EBC00E6ACDA;
			remoteInfo = DIMCore;
		};
		E9BBC1EA22427EFF00E6ACDA /* PBXContainerItemProxy */ = {
			isa = PBXContainerItemProxy;
			containerPortal = E9BBC1E422427EFF00E6ACDA /* DaoKeDao.xcodeproj */;
			proxyType = 2;
			remoteGlobalIDString = E9BBC00D22427DBC00E6ACDA;
			remoteInfo = DaoKeDao;
		};
		E9BBC1EC22427EFF00E6ACDA /* PBXContainerItemProxy */ = {
			isa = PBXContainerItemProxy;
			containerPortal = E9BBC1E422427EFF00E6ACDA /* DaoKeDao.xcodeproj */;
			proxyType = 2;
			remoteGlobalIDString = E9BBC01622427DBD00E6ACDA;
			remoteInfo = DaoKeDaoTests;
		};
		E9BBC1F322427F1000E6ACDA /* PBXContainerItemProxy */ = {
			isa = PBXContainerItemProxy;
			containerPortal = E9BBC1EE22427F1000E6ACDA /* MingKeMing.xcodeproj */;
			proxyType = 2;
			remoteGlobalIDString = E9BBBF4422427BCA00E6ACDA;
			remoteInfo = MingKeMing;
		};
		E9BBC1F522427F1000E6ACDA /* PBXContainerItemProxy */ = {
			isa = PBXContainerItemProxy;
			containerPortal = E9BBC1EE22427F1000E6ACDA /* MingKeMing.xcodeproj */;
			proxyType = 2;
			remoteGlobalIDString = E9BBBF4D22427BCA00E6ACDA;
			remoteInfo = MingKeMingTests;
		};
		E9BBC1F722427FC500E6ACDA /* PBXContainerItemProxy */ = {
			isa = PBXContainerItemProxy;
			containerPortal = E9BBC1EE22427F1000E6ACDA /* MingKeMing.xcodeproj */;
			proxyType = 1;
			remoteGlobalIDString = E9BBBF4322427BCA00E6ACDA;
			remoteInfo = MingKeMing;
		};
		E9BBC1F922427FC800E6ACDA /* PBXContainerItemProxy */ = {
			isa = PBXContainerItemProxy;
			containerPortal = E9BBC1E422427EFF00E6ACDA /* DaoKeDao.xcodeproj */;
			proxyType = 1;
			remoteGlobalIDString = E9BBC00C22427DBC00E6ACDA;
			remoteInfo = DaoKeDao;
		};
/* End PBXContainerItemProxy section */

/* Begin PBXFileReference section */
		E91F2B22230152E800BE05D0 /* DIMPolylogue.m */ = {isa = PBXFileReference; fileEncoding = 4; lastKnownFileType = sourcecode.c.objc; path = DIMPolylogue.m; sourceTree = "<group>"; };
		E91F2B23230152E800BE05D0 /* DIMChatroom.m */ = {isa = PBXFileReference; fileEncoding = 4; lastKnownFileType = sourcecode.c.objc; path = DIMChatroom.m; sourceTree = "<group>"; };
		E91F2B24230152E800BE05D0 /* DIMChatroom.h */ = {isa = PBXFileReference; fileEncoding = 4; lastKnownFileType = sourcecode.c.h; path = DIMChatroom.h; sourceTree = "<group>"; };
		E91F2B25230152E800BE05D0 /* DIMPolylogue.h */ = {isa = PBXFileReference; fileEncoding = 4; lastKnownFileType = sourcecode.c.h; path = DIMPolylogue.h; sourceTree = "<group>"; };
		E91F2B27230152E800BE05D0 /* DIMContact.h */ = {isa = PBXFileReference; fileEncoding = 4; lastKnownFileType = sourcecode.c.h; path = DIMContact.h; sourceTree = "<group>"; };
		E91F2B28230152E800BE05D0 /* DIMMember.m */ = {isa = PBXFileReference; fileEncoding = 4; lastKnownFileType = sourcecode.c.objc; path = DIMMember.m; sourceTree = "<group>"; };
		E91F2B29230152E800BE05D0 /* DIMContact.m */ = {isa = PBXFileReference; fileEncoding = 4; lastKnownFileType = sourcecode.c.objc; path = DIMContact.m; sourceTree = "<group>"; };
		E91F2B2A230152E800BE05D0 /* DIMMember.h */ = {isa = PBXFileReference; fileEncoding = 4; lastKnownFileType = sourcecode.c.h; path = DIMMember.h; sourceTree = "<group>"; };
		E94C8DF122DDE1E20017F998 /* NSData+Extension.h */ = {isa = PBXFileReference; fileEncoding = 4; lastKnownFileType = sourcecode.c.h; path = "NSData+Extension.h"; sourceTree = "<group>"; };
		E94C8DF422DDE1E20017F998 /* NSData+Extension.m */ = {isa = PBXFileReference; fileEncoding = 4; lastKnownFileType = sourcecode.c.objc; path = "NSData+Extension.m"; sourceTree = "<group>"; };
		E959902522F2CE0500C97D2D /* DIMKeyCache.h */ = {isa = PBXFileReference; fileEncoding = 4; lastKnownFileType = sourcecode.c.h; path = DIMKeyCache.h; sourceTree = "<group>"; };
		E959902622F2CE0600C97D2D /* DIMKeyCache.m */ = {isa = PBXFileReference; fileEncoding = 4; lastKnownFileType = sourcecode.c.objc; path = DIMKeyCache.m; sourceTree = "<group>"; };
		E96D149E231F9B5300B5EA59 /* DIMRobot.m */ = {isa = PBXFileReference; fileEncoding = 4; lastKnownFileType = sourcecode.c.objc; path = DIMRobot.m; sourceTree = "<group>"; };
		E96D149F231F9B5300B5EA59 /* DIMRobot.h */ = {isa = PBXFileReference; fileEncoding = 4; lastKnownFileType = sourcecode.c.h; path = DIMRobot.h; sourceTree = "<group>"; };
		E979089D225F2FB90024C830 /* DKDInstantMessage+Extension.m */ = {isa = PBXFileReference; fileEncoding = 4; lastKnownFileType = sourcecode.c.objc; path = "DKDInstantMessage+Extension.m"; sourceTree = "<group>"; };
		E97908A0225F2FBA0024C830 /* DKDInstantMessage+Extension.h */ = {isa = PBXFileReference; fileEncoding = 4; lastKnownFileType = sourcecode.c.h; path = "DKDInstantMessage+Extension.h"; sourceTree = "<group>"; };
		E9BBC14222427EBC00E6ACDA /* DIMCore.framework */ = {isa = PBXFileReference; explicitFileType = wrapper.framework; includeInIndex = 0; path = DIMCore.framework; sourceTree = BUILT_PRODUCTS_DIR; };
		E9BBC14622427EBC00E6ACDA /* Info.plist */ = {isa = PBXFileReference; lastKnownFileType = text.plist.xml; path = Info.plist; sourceTree = "<group>"; };
		E9BBC14B22427EBC00E6ACDA /* DIMCoreTests.xctest */ = {isa = PBXFileReference; explicitFileType = wrapper.cfbundle; includeInIndex = 0; path = DIMCoreTests.xctest; sourceTree = BUILT_PRODUCTS_DIR; };
		E9BBC15022427EBC00E6ACDA /* DIMCoreTests.m */ = {isa = PBXFileReference; lastKnownFileType = sourcecode.c.objc; path = DIMCoreTests.m; sourceTree = "<group>"; };
		E9BBC15222427EBC00E6ACDA /* Info.plist */ = {isa = PBXFileReference; lastKnownFileType = text.plist.xml; path = Info.plist; sourceTree = "<group>"; };
		E9BBC16622427EF100E6ACDA /* DIMTransceiver.m */ = {isa = PBXFileReference; fileEncoding = 4; lastKnownFileType = sourcecode.c.objc; path = DIMTransceiver.m; sourceTree = "<group>"; };
		E9BBC16822427EF100E6ACDA /* DIMServiceProvider.m */ = {isa = PBXFileReference; fileEncoding = 4; lastKnownFileType = sourcecode.c.objc; path = DIMServiceProvider.m; sourceTree = "<group>"; };
		E9BBC16922427EF100E6ACDA /* DIMStation.h */ = {isa = PBXFileReference; fileEncoding = 4; lastKnownFileType = sourcecode.c.h; path = DIMStation.h; sourceTree = "<group>"; };
		E9BBC16B22427EF100E6ACDA /* DIMCAValidity.h */ = {isa = PBXFileReference; fileEncoding = 4; lastKnownFileType = sourcecode.c.h; path = DIMCAValidity.h; sourceTree = "<group>"; };
		E9BBC16C22427EF100E6ACDA /* DIMCertificateAuthority.h */ = {isa = PBXFileReference; fileEncoding = 4; lastKnownFileType = sourcecode.c.h; path = DIMCertificateAuthority.h; sourceTree = "<group>"; };
		E9BBC16D22427EF100E6ACDA /* DIMCASubject.h */ = {isa = PBXFileReference; fileEncoding = 4; lastKnownFileType = sourcecode.c.h; path = DIMCASubject.h; sourceTree = "<group>"; };
		E9BBC16E22427EF100E6ACDA /* DIMCAData.h */ = {isa = PBXFileReference; fileEncoding = 4; lastKnownFileType = sourcecode.c.h; path = DIMCAData.h; sourceTree = "<group>"; };
		E9BBC16F22427EF100E6ACDA /* DIMCAData.m */ = {isa = PBXFileReference; fileEncoding = 4; lastKnownFileType = sourcecode.c.objc; path = DIMCAData.m; sourceTree = "<group>"; };
		E9BBC17022427EF100E6ACDA /* DIMCASubject.m */ = {isa = PBXFileReference; fileEncoding = 4; lastKnownFileType = sourcecode.c.objc; path = DIMCASubject.m; sourceTree = "<group>"; };
		E9BBC17122427EF100E6ACDA /* DIMCertificateAuthority.m */ = {isa = PBXFileReference; fileEncoding = 4; lastKnownFileType = sourcecode.c.objc; path = DIMCertificateAuthority.m; sourceTree = "<group>"; };
		E9BBC17222427EF100E6ACDA /* DIMCAValidity.m */ = {isa = PBXFileReference; fileEncoding = 4; lastKnownFileType = sourcecode.c.objc; path = DIMCAValidity.m; sourceTree = "<group>"; };
		E9BBC17322427EF100E6ACDA /* DIMServiceProvider.h */ = {isa = PBXFileReference; fileEncoding = 4; lastKnownFileType = sourcecode.c.h; path = DIMServiceProvider.h; sourceTree = "<group>"; };
		E9BBC17422427EF100E6ACDA /* DIMStation.m */ = {isa = PBXFileReference; fileEncoding = 4; lastKnownFileType = sourcecode.c.objc; path = DIMStation.m; sourceTree = "<group>"; };
		E9BBC17622427EF100E6ACDA /* DIMBarrack.h */ = {isa = PBXFileReference; fileEncoding = 4; lastKnownFileType = sourcecode.c.h; path = DIMBarrack.h; sourceTree = "<group>"; };
		E9BBC17C22427EF100E6ACDA /* dimMacros.h */ = {isa = PBXFileReference; fileEncoding = 4; lastKnownFileType = sourcecode.c.h; path = dimMacros.h; sourceTree = "<group>"; };
		E9BBC17D22427EF100E6ACDA /* DIMTransceiver.h */ = {isa = PBXFileReference; fileEncoding = 4; lastKnownFileType = sourcecode.c.h; path = DIMTransceiver.h; sourceTree = "<group>"; };
		E9BBC19522427EF100E6ACDA /* DIMHandshakeCommand.m */ = {isa = PBXFileReference; fileEncoding = 4; lastKnownFileType = sourcecode.c.objc; path = DIMHandshakeCommand.m; sourceTree = "<group>"; };
		E9BBC19622427EF100E6ACDA /* DIMProfileCommand.m */ = {isa = PBXFileReference; fileEncoding = 4; lastKnownFileType = sourcecode.c.objc; path = DIMProfileCommand.m; sourceTree = "<group>"; };
		E9BBC19722427EF100E6ACDA /* DIMMetaCommand.h */ = {isa = PBXFileReference; fileEncoding = 4; lastKnownFileType = sourcecode.c.h; path = DIMMetaCommand.h; sourceTree = "<group>"; };
		E9BBC19822427EF100E6ACDA /* DIMCommand.h */ = {isa = PBXFileReference; fileEncoding = 4; lastKnownFileType = sourcecode.c.h; path = DIMCommand.h; sourceTree = "<group>"; };
		E9BBC19922427EF100E6ACDA /* DIMGroupCommand.h */ = {isa = PBXFileReference; fileEncoding = 4; lastKnownFileType = sourcecode.c.h; path = DIMGroupCommand.h; sourceTree = "<group>"; };
		E9BBC19A22427EF100E6ACDA /* DIMHandshakeCommand.h */ = {isa = PBXFileReference; fileEncoding = 4; lastKnownFileType = sourcecode.c.h; path = DIMHandshakeCommand.h; sourceTree = "<group>"; };
		E9BBC19B22427EF100E6ACDA /* DIMProfileCommand.h */ = {isa = PBXFileReference; fileEncoding = 4; lastKnownFileType = sourcecode.c.h; path = DIMProfileCommand.h; sourceTree = "<group>"; };
		E9BBC19C22427EF100E6ACDA /* DIMMetaCommand.m */ = {isa = PBXFileReference; fileEncoding = 4; lastKnownFileType = sourcecode.c.objc; path = DIMMetaCommand.m; sourceTree = "<group>"; };
		E9BBC19D22427EF100E6ACDA /* DIMGroupCommand.m */ = {isa = PBXFileReference; fileEncoding = 4; lastKnownFileType = sourcecode.c.objc; path = DIMGroupCommand.m; sourceTree = "<group>"; };
		E9BBC19E22427EF100E6ACDA /* DIMCommand.m */ = {isa = PBXFileReference; fileEncoding = 4; lastKnownFileType = sourcecode.c.objc; path = DIMCommand.m; sourceTree = "<group>"; };
		E9BBC1A022427EF100E6ACDA /* DIMBarrack.m */ = {isa = PBXFileReference; fileEncoding = 4; lastKnownFileType = sourcecode.c.objc; path = DIMBarrack.m; sourceTree = "<group>"; };
		E9BBC1A122427EF100E6ACDA /* DIMCore.h */ = {isa = PBXFileReference; fileEncoding = 4; lastKnownFileType = sourcecode.c.h; path = DIMCore.h; sourceTree = "<group>"; };
		E9BBC1E422427EFF00E6ACDA /* DaoKeDao.xcodeproj */ = {isa = PBXFileReference; lastKnownFileType = "wrapper.pb-project"; name = DaoKeDao.xcodeproj; path = "../../dkd-objc/DaoKeDao-Mac/DaoKeDao.xcodeproj"; sourceTree = "<group>"; };
		E9BBC1EE22427F1000E6ACDA /* MingKeMing.xcodeproj */ = {isa = PBXFileReference; lastKnownFileType = "wrapper.pb-project"; name = MingKeMing.xcodeproj; path = "../../mkm-objc/MingKeMing-Mac/MingKeMing.xcodeproj"; sourceTree = "<group>"; };
		E9E824C8224BF64700A029F1 /* DIMReceiptCommand.m */ = {isa = PBXFileReference; fileEncoding = 4; lastKnownFileType = sourcecode.c.objc; path = DIMReceiptCommand.m; sourceTree = "<group>"; };
		E9E824CB224BF64700A029F1 /* DIMReceiptCommand.h */ = {isa = PBXFileReference; fileEncoding = 4; lastKnownFileType = sourcecode.c.h; path = DIMReceiptCommand.h; sourceTree = "<group>"; };
		E9FC8DED22B9089E0013FCD3 /* DIMVideoContent.m */ = {isa = PBXFileReference; fileEncoding = 4; lastKnownFileType = sourcecode.c.objc; path = DIMVideoContent.m; sourceTree = "<group>"; };
		E9FC8DEE22B9089E0013FCD3 /* DIMFileContent.h */ = {isa = PBXFileReference; fileEncoding = 4; lastKnownFileType = sourcecode.c.h; path = DIMFileContent.h; sourceTree = "<group>"; };
		E9FC8DEF22B9089E0013FCD3 /* DIMTextContent.m */ = {isa = PBXFileReference; fileEncoding = 4; lastKnownFileType = sourcecode.c.objc; path = DIMTextContent.m; sourceTree = "<group>"; };
		E9FC8DF022B9089E0013FCD3 /* DIMImageContent.m */ = {isa = PBXFileReference; fileEncoding = 4; lastKnownFileType = sourcecode.c.objc; path = DIMImageContent.m; sourceTree = "<group>"; };
		E9FC8DF122B9089E0013FCD3 /* DIMAudioContent.h */ = {isa = PBXFileReference; fileEncoding = 4; lastKnownFileType = sourcecode.c.h; path = DIMAudioContent.h; sourceTree = "<group>"; };
		E9FC8DF322B9089E0013FCD3 /* DIMWebpageContent.m */ = {isa = PBXFileReference; fileEncoding = 4; lastKnownFileType = sourcecode.c.objc; path = DIMWebpageContent.m; sourceTree = "<group>"; };
		E9FC8DF522B9089E0013FCD3 /* DIMVideoContent.h */ = {isa = PBXFileReference; fileEncoding = 4; lastKnownFileType = sourcecode.c.h; path = DIMVideoContent.h; sourceTree = "<group>"; };
		E9FC8DF722B9089E0013FCD3 /* DIMAudioContent.m */ = {isa = PBXFileReference; fileEncoding = 4; lastKnownFileType = sourcecode.c.objc; path = DIMAudioContent.m; sourceTree = "<group>"; };
		E9FC8DF822B9089E0013FCD3 /* DIMTextContent.h */ = {isa = PBXFileReference; fileEncoding = 4; lastKnownFileType = sourcecode.c.h; path = DIMTextContent.h; sourceTree = "<group>"; };
		E9FC8DF922B9089E0013FCD3 /* DIMImageContent.h */ = {isa = PBXFileReference; fileEncoding = 4; lastKnownFileType = sourcecode.c.h; path = DIMImageContent.h; sourceTree = "<group>"; };
		E9FC8DFA22B9089E0013FCD3 /* DIMFileContent.m */ = {isa = PBXFileReference; fileEncoding = 4; lastKnownFileType = sourcecode.c.objc; path = DIMFileContent.m; sourceTree = "<group>"; };
		E9FC8DFC22B9089E0013FCD3 /* DIMWebpageContent.h */ = {isa = PBXFileReference; fileEncoding = 4; lastKnownFileType = sourcecode.c.h; path = DIMWebpageContent.h; sourceTree = "<group>"; };
		E9FC8E0D22B9091F0013FCD3 /* MKMProfile+Extension.h */ = {isa = PBXFileReference; fileEncoding = 4; lastKnownFileType = sourcecode.c.h; path = "MKMProfile+Extension.h"; sourceTree = "<group>"; };
		E9FC8E0E22B9091F0013FCD3 /* MKMProfile+Extension.m */ = {isa = PBXFileReference; fileEncoding = 4; lastKnownFileType = sourcecode.c.objc; path = "MKMProfile+Extension.m"; sourceTree = "<group>"; };
		E9FC8E2922B92F7E0013FCD3 /* DIMHistoryCommand.m */ = {isa = PBXFileReference; fileEncoding = 4; lastKnownFileType = sourcecode.c.objc; path = DIMHistoryCommand.m; sourceTree = "<group>"; };
		E9FC8E2A22B92F7E0013FCD3 /* DIMHistoryCommand.h */ = {isa = PBXFileReference; fileEncoding = 4; lastKnownFileType = sourcecode.c.h; path = DIMHistoryCommand.h; sourceTree = "<group>"; };
/* End PBXFileReference section */

/* Begin PBXFrameworksBuildPhase section */
		E9BBC13F22427EBC00E6ACDA /* Frameworks */ = {
			isa = PBXFrameworksBuildPhase;
			buildActionMask = 2147483647;
			files = (
				E9BBC1FC22427FCC00E6ACDA /* DaoKeDao.framework in Frameworks */,
				E9BBC1FD22427FCF00E6ACDA /* MingKeMing.framework in Frameworks */,
			);
			runOnlyForDeploymentPostprocessing = 0;
		};
		E9BBC14822427EBC00E6ACDA /* Frameworks */ = {
			isa = PBXFrameworksBuildPhase;
			buildActionMask = 2147483647;
			files = (
				E9BBC14C22427EBC00E6ACDA /* DIMCore.framework in Frameworks */,
			);
			runOnlyForDeploymentPostprocessing = 0;
		};
/* End PBXFrameworksBuildPhase section */

/* Begin PBXGroup section */
		E91F2B21230152E800BE05D0 /* group */ = {
			isa = PBXGroup;
			children = (
				E91F2B22230152E800BE05D0 /* DIMPolylogue.m */,
				E91F2B23230152E800BE05D0 /* DIMChatroom.m */,
				E91F2B24230152E800BE05D0 /* DIMChatroom.h */,
				E91F2B25230152E800BE05D0 /* DIMPolylogue.h */,
			);
			path = group;
			sourceTree = "<group>";
		};
		E91F2B26230152E800BE05D0 /* user */ = {
			isa = PBXGroup;
			children = (
				E91F2B27230152E800BE05D0 /* DIMContact.h */,
				E91F2B29230152E800BE05D0 /* DIMContact.m */,
				E96D149F231F9B5300B5EA59 /* DIMRobot.h */,
				E96D149E231F9B5300B5EA59 /* DIMRobot.m */,
				E91F2B28230152E800BE05D0 /* DIMMember.m */,
				E91F2B2A230152E800BE05D0 /* DIMMember.h */,
			);
			path = user;
			sourceTree = "<group>";
		};
		E9BBC13822427EBC00E6ACDA = {
			isa = PBXGroup;
			children = (
				E9BBC1EE22427F1000E6ACDA /* MingKeMing.xcodeproj */,
				E9BBC1E422427EFF00E6ACDA /* DaoKeDao.xcodeproj */,
				E9BBC15C22427EF100E6ACDA /* Classes */,
				E9BBC14422427EBC00E6ACDA /* DIMCore */,
				E9BBC14F22427EBC00E6ACDA /* DIMCoreTests */,
				E9BBC14322427EBC00E6ACDA /* Products */,
				E9BBC1FB22427FCC00E6ACDA /* Frameworks */,
			);
			sourceTree = "<group>";
		};
		E9BBC14322427EBC00E6ACDA /* Products */ = {
			isa = PBXGroup;
			children = (
				E9BBC14222427EBC00E6ACDA /* DIMCore.framework */,
				E9BBC14B22427EBC00E6ACDA /* DIMCoreTests.xctest */,
			);
			name = Products;
			sourceTree = "<group>";
		};
		E9BBC14422427EBC00E6ACDA /* DIMCore */ = {
			isa = PBXGroup;
			children = (
				E9BBC14622427EBC00E6ACDA /* Info.plist */,
			);
			path = DIMCore;
			sourceTree = "<group>";
		};
		E9BBC14F22427EBC00E6ACDA /* DIMCoreTests */ = {
			isa = PBXGroup;
			children = (
				E9BBC15022427EBC00E6ACDA /* DIMCoreTests.m */,
				E9BBC15222427EBC00E6ACDA /* Info.plist */,
			);
			path = DIMCoreTests;
			sourceTree = "<group>";
		};
		E9BBC15C22427EF100E6ACDA /* Classes */ = {
			isa = PBXGroup;
			children = (
				E9BBC15F22427EF100E6ACDA /* extends */,
				E9BBC16722427EF100E6ACDA /* network */,
				E9BBC19422427EF100E6ACDA /* commands */,
				E9FC8DEC22B9089E0013FCD3 /* content */,
				E91F2B21230152E800BE05D0 /* group */,
				E91F2B26230152E800BE05D0 /* user */,
				E959902522F2CE0500C97D2D /* DIMKeyCache.h */,
				E959902622F2CE0600C97D2D /* DIMKeyCache.m */,
				E9BBC17622427EF100E6ACDA /* DIMBarrack.h */,
				E9BBC1A022427EF100E6ACDA /* DIMBarrack.m */,
				E9BBC17D22427EF100E6ACDA /* DIMTransceiver.h */,
				E9BBC16622427EF100E6ACDA /* DIMTransceiver.m */,
				E9BBC17C22427EF100E6ACDA /* dimMacros.h */,
				E9BBC1A122427EF100E6ACDA /* DIMCore.h */,
			);
			name = Classes;
			path = ../Classes;
			sourceTree = "<group>";
		};
		E9BBC15F22427EF100E6ACDA /* extends */ = {
			isa = PBXGroup;
			children = (
				E94C8DF122DDE1E20017F998 /* NSData+Extension.h */,
				E94C8DF422DDE1E20017F998 /* NSData+Extension.m */,
				E9FC8E0D22B9091F0013FCD3 /* MKMProfile+Extension.h */,
				E9FC8E0E22B9091F0013FCD3 /* MKMProfile+Extension.m */,
				E97908A0225F2FBA0024C830 /* DKDInstantMessage+Extension.h */,
				E979089D225F2FB90024C830 /* DKDInstantMessage+Extension.m */,
			);
			path = extends;
			sourceTree = "<group>";
		};
		E9BBC16722427EF100E6ACDA /* network */ = {
			isa = PBXGroup;
			children = (
				E9BBC16A22427EF100E6ACDA /* CA */,
				E9BBC17322427EF100E6ACDA /* DIMServiceProvider.h */,
				E9BBC16822427EF100E6ACDA /* DIMServiceProvider.m */,
				E9BBC16922427EF100E6ACDA /* DIMStation.h */,
				E9BBC17422427EF100E6ACDA /* DIMStation.m */,
			);
			path = network;
			sourceTree = "<group>";
		};
		E9BBC16A22427EF100E6ACDA /* CA */ = {
			isa = PBXGroup;
			children = (
				E9BBC16B22427EF100E6ACDA /* DIMCAValidity.h */,
				E9BBC16C22427EF100E6ACDA /* DIMCertificateAuthority.h */,
				E9BBC16D22427EF100E6ACDA /* DIMCASubject.h */,
				E9BBC16E22427EF100E6ACDA /* DIMCAData.h */,
				E9BBC16F22427EF100E6ACDA /* DIMCAData.m */,
				E9BBC17022427EF100E6ACDA /* DIMCASubject.m */,
				E9BBC17122427EF100E6ACDA /* DIMCertificateAuthority.m */,
				E9BBC17222427EF100E6ACDA /* DIMCAValidity.m */,
			);
			path = CA;
			sourceTree = "<group>";
		};
		E9BBC19422427EF100E6ACDA /* commands */ = {
			isa = PBXGroup;
			children = (
				E9BBC19822427EF100E6ACDA /* DIMCommand.h */,
				E9BBC19E22427EF100E6ACDA /* DIMCommand.m */,
				E9FC8E2A22B92F7E0013FCD3 /* DIMHistoryCommand.h */,
				E9FC8E2922B92F7E0013FCD3 /* DIMHistoryCommand.m */,
				E9BBC19922427EF100E6ACDA /* DIMGroupCommand.h */,
				E9BBC19D22427EF100E6ACDA /* DIMGroupCommand.m */,
				E9BBC19A22427EF100E6ACDA /* DIMHandshakeCommand.h */,
				E9BBC19522427EF100E6ACDA /* DIMHandshakeCommand.m */,
				E9BBC19722427EF100E6ACDA /* DIMMetaCommand.h */,
				E9BBC19C22427EF100E6ACDA /* DIMMetaCommand.m */,
				E9BBC19B22427EF100E6ACDA /* DIMProfileCommand.h */,
				E9BBC19622427EF100E6ACDA /* DIMProfileCommand.m */,
				E9E824CB224BF64700A029F1 /* DIMReceiptCommand.h */,
				E9E824C8224BF64700A029F1 /* DIMReceiptCommand.m */,
			);
			path = commands;
			sourceTree = "<group>";
		};
		E9BBC1E522427EFF00E6ACDA /* Products */ = {
			isa = PBXGroup;
			children = (
				E9BBC1EB22427EFF00E6ACDA /* DaoKeDao.framework */,
				E9BBC1ED22427EFF00E6ACDA /* DaoKeDaoTests.xctest */,
			);
			name = Products;
			sourceTree = "<group>";
		};
		E9BBC1EF22427F1000E6ACDA /* Products */ = {
			isa = PBXGroup;
			children = (
				E9BBC1F422427F1000E6ACDA /* MingKeMing.framework */,
				E9BBC1F622427F1000E6ACDA /* MingKeMingTests.xctest */,
			);
			name = Products;
			sourceTree = "<group>";
		};
		E9BBC1FB22427FCC00E6ACDA /* Frameworks */ = {
			isa = PBXGroup;
			children = (
			);
			name = Frameworks;
			sourceTree = "<group>";
		};
		E9FC8DEC22B9089E0013FCD3 /* content */ = {
			isa = PBXGroup;
			children = (
				E9FC8DF822B9089E0013FCD3 /* DIMTextContent.h */,
				E9FC8DEF22B9089E0013FCD3 /* DIMTextContent.m */,
				E9FC8DEE22B9089E0013FCD3 /* DIMFileContent.h */,
				E9FC8DFA22B9089E0013FCD3 /* DIMFileContent.m */,
				E9FC8DF922B9089E0013FCD3 /* DIMImageContent.h */,
				E9FC8DF022B9089E0013FCD3 /* DIMImageContent.m */,
				E9FC8DF122B9089E0013FCD3 /* DIMAudioContent.h */,
				E9FC8DF722B9089E0013FCD3 /* DIMAudioContent.m */,
				E9FC8DF522B9089E0013FCD3 /* DIMVideoContent.h */,
				E9FC8DED22B9089E0013FCD3 /* DIMVideoContent.m */,
				E9FC8DFC22B9089E0013FCD3 /* DIMWebpageContent.h */,
				E9FC8DF322B9089E0013FCD3 /* DIMWebpageContent.m */,
			);
			path = content;
			sourceTree = "<group>";
		};
/* End PBXGroup section */

/* Begin PBXHeadersBuildPhase section */
		E9BBC13D22427EBC00E6ACDA /* Headers */ = {
			isa = PBXHeadersBuildPhase;
			buildActionMask = 2147483647;
			files = (
				E96D14A1231F9B5300B5EA59 /* DIMRobot.h in Headers */,
				E91F2B32230152E800BE05D0 /* DIMMember.h in Headers */,
				E91F2B2D230152E800BE05D0 /* DIMChatroom.h in Headers */,
				E91F2B2F230152E800BE05D0 /* DIMContact.h in Headers */,
				E91F2B2E230152E800BE05D0 /* DIMPolylogue.h in Headers */,
				E959902722F2CE0600C97D2D /* DIMKeyCache.h in Headers */,
				E9FC8E2C22B92F7E0013FCD3 /* DIMHistoryCommand.h in Headers */,
				E9FC8E0F22B909200013FCD3 /* MKMProfile+Extension.h in Headers */,
				E9FC8E0522B9089E0013FCD3 /* DIMVideoContent.h in Headers */,
				E9FC8E0C22B9089E0013FCD3 /* DIMWebpageContent.h in Headers */,
				E9FC8E0122B9089E0013FCD3 /* DIMAudioContent.h in Headers */,
				E9FC8DFE22B9089E0013FCD3 /* DIMFileContent.h in Headers */,
				E9FC8E0922B9089E0013FCD3 /* DIMImageContent.h in Headers */,
				E9FC8E0822B9089E0013FCD3 /* DIMTextContent.h in Headers */,
				E97908A2225F2FBA0024C830 /* DKDInstantMessage+Extension.h in Headers */,
				E9E824CF224BF64700A029F1 /* DIMReceiptCommand.h in Headers */,
				E9BBC1B122427EF100E6ACDA /* DIMCAData.h in Headers */,
				E94C8DF522DDE1E20017F998 /* NSData+Extension.h in Headers */,
				E9BBC1D822427EF100E6ACDA /* DIMMetaCommand.h in Headers */,
				E9BBC1DA22427EF100E6ACDA /* DIMGroupCommand.h in Headers */,
				E9BBC1BF22427EF100E6ACDA /* dimMacros.h in Headers */,
				E9BBC1B622427EF100E6ACDA /* DIMServiceProvider.h in Headers */,
				E9BBC1D922427EF100E6ACDA /* DIMCommand.h in Headers */,
				E9BBC1E222427EF100E6ACDA /* DIMCore.h in Headers */,
				E9BBC1AE22427EF100E6ACDA /* DIMCAValidity.h in Headers */,
				E9BBC1C022427EF100E6ACDA /* DIMTransceiver.h in Headers */,
				E9BBC1AD22427EF100E6ACDA /* DIMStation.h in Headers */,
				E9BBC1DC22427EF100E6ACDA /* DIMProfileCommand.h in Headers */,
				E9BBC1B922427EF100E6ACDA /* DIMBarrack.h in Headers */,
				E9BBC1B022427EF100E6ACDA /* DIMCASubject.h in Headers */,
				E9BBC1AF22427EF100E6ACDA /* DIMCertificateAuthority.h in Headers */,
				E9BBC1DB22427EF100E6ACDA /* DIMHandshakeCommand.h in Headers */,
			);
			runOnlyForDeploymentPostprocessing = 0;
		};
/* End PBXHeadersBuildPhase section */

/* Begin PBXNativeTarget section */
		E9BBC14122427EBC00E6ACDA /* DIMCore */ = {
			isa = PBXNativeTarget;
			buildConfigurationList = E9BBC15622427EBC00E6ACDA /* Build configuration list for PBXNativeTarget "DIMCore" */;
			buildPhases = (
				E9BBC13D22427EBC00E6ACDA /* Headers */,
				E9BBC13E22427EBC00E6ACDA /* Sources */,
				E9BBC13F22427EBC00E6ACDA /* Frameworks */,
				E9BBC14022427EBC00E6ACDA /* Resources */,
			);
			buildRules = (
			);
			dependencies = (
				E9BBC1FA22427FC800E6ACDA /* PBXTargetDependency */,
				E9BBC1F822427FC500E6ACDA /* PBXTargetDependency */,
			);
			name = DIMCore;
			productName = DIMCore;
			productReference = E9BBC14222427EBC00E6ACDA /* DIMCore.framework */;
			productType = "com.apple.product-type.framework";
		};
		E9BBC14A22427EBC00E6ACDA /* DIMCoreTests */ = {
			isa = PBXNativeTarget;
			buildConfigurationList = E9BBC15922427EBC00E6ACDA /* Build configuration list for PBXNativeTarget "DIMCoreTests" */;
			buildPhases = (
				E9BBC14722427EBC00E6ACDA /* Sources */,
				E9BBC14822427EBC00E6ACDA /* Frameworks */,
				E9BBC14922427EBC00E6ACDA /* Resources */,
			);
			buildRules = (
			);
			dependencies = (
				E9BBC14E22427EBC00E6ACDA /* PBXTargetDependency */,
			);
			name = DIMCoreTests;
			productName = DIMCoreTests;
			productReference = E9BBC14B22427EBC00E6ACDA /* DIMCoreTests.xctest */;
			productType = "com.apple.product-type.bundle.unit-test";
		};
/* End PBXNativeTarget section */

/* Begin PBXProject section */
		E9BBC13922427EBC00E6ACDA /* Project object */ = {
			isa = PBXProject;
			attributes = {
				LastUpgradeCheck = 1010;
				ORGANIZATIONNAME = "DIM Group";
				TargetAttributes = {
					E9BBC14122427EBC00E6ACDA = {
						CreatedOnToolsVersion = 10.1;
					};
					E9BBC14A22427EBC00E6ACDA = {
						CreatedOnToolsVersion = 10.1;
					};
				};
			};
			buildConfigurationList = E9BBC13C22427EBC00E6ACDA /* Build configuration list for PBXProject "DIMCore" */;
			compatibilityVersion = "Xcode 9.3";
			developmentRegion = en;
			hasScannedForEncodings = 0;
			knownRegions = (
				en,
				Base,
			);
			mainGroup = E9BBC13822427EBC00E6ACDA;
			productRefGroup = E9BBC14322427EBC00E6ACDA /* Products */;
			projectDirPath = "";
			projectReferences = (
				{
					ProductGroup = E9BBC1E522427EFF00E6ACDA /* Products */;
					ProjectRef = E9BBC1E422427EFF00E6ACDA /* DaoKeDao.xcodeproj */;
				},
				{
					ProductGroup = E9BBC1EF22427F1000E6ACDA /* Products */;
					ProjectRef = E9BBC1EE22427F1000E6ACDA /* MingKeMing.xcodeproj */;
				},
			);
			projectRoot = "";
			targets = (
				E9BBC14122427EBC00E6ACDA /* DIMCore */,
				E9BBC14A22427EBC00E6ACDA /* DIMCoreTests */,
			);
		};
/* End PBXProject section */

/* Begin PBXReferenceProxy section */
		E9BBC1EB22427EFF00E6ACDA /* DaoKeDao.framework */ = {
			isa = PBXReferenceProxy;
			fileType = wrapper.framework;
			path = DaoKeDao.framework;
			remoteRef = E9BBC1EA22427EFF00E6ACDA /* PBXContainerItemProxy */;
			sourceTree = BUILT_PRODUCTS_DIR;
		};
		E9BBC1ED22427EFF00E6ACDA /* DaoKeDaoTests.xctest */ = {
			isa = PBXReferenceProxy;
			fileType = wrapper.cfbundle;
			path = DaoKeDaoTests.xctest;
			remoteRef = E9BBC1EC22427EFF00E6ACDA /* PBXContainerItemProxy */;
			sourceTree = BUILT_PRODUCTS_DIR;
		};
		E9BBC1F422427F1000E6ACDA /* MingKeMing.framework */ = {
			isa = PBXReferenceProxy;
			fileType = wrapper.framework;
			path = MingKeMing.framework;
			remoteRef = E9BBC1F322427F1000E6ACDA /* PBXContainerItemProxy */;
			sourceTree = BUILT_PRODUCTS_DIR;
		};
		E9BBC1F622427F1000E6ACDA /* MingKeMingTests.xctest */ = {
			isa = PBXReferenceProxy;
			fileType = wrapper.cfbundle;
			path = MingKeMingTests.xctest;
			remoteRef = E9BBC1F522427F1000E6ACDA /* PBXContainerItemProxy */;
			sourceTree = BUILT_PRODUCTS_DIR;
		};
/* End PBXReferenceProxy section */

/* Begin PBXResourcesBuildPhase section */
		E9BBC14022427EBC00E6ACDA /* Resources */ = {
			isa = PBXResourcesBuildPhase;
			buildActionMask = 2147483647;
			files = (
			);
			runOnlyForDeploymentPostprocessing = 0;
		};
		E9BBC14922427EBC00E6ACDA /* Resources */ = {
			isa = PBXResourcesBuildPhase;
			buildActionMask = 2147483647;
			files = (
			);
			runOnlyForDeploymentPostprocessing = 0;
		};
/* End PBXResourcesBuildPhase section */

/* Begin PBXSourcesBuildPhase section */
		E9BBC13E22427EBC00E6ACDA /* Sources */ = {
			isa = PBXSourcesBuildPhase;
			buildActionMask = 2147483647;
			files = (
				E9BBC1B722427EF100E6ACDA /* DIMStation.m in Sources */,
				E9FC8E0A22B9089E0013FCD3 /* DIMFileContent.m in Sources */,
				E9FC8E0022B9089E0013FCD3 /* DIMImageContent.m in Sources */,
				E9FC8E1022B909200013FCD3 /* MKMProfile+Extension.m in Sources */,
				E97908A1225F2FBA0024C830 /* DKDInstantMessage+Extension.m in Sources */,
				E9BBC1AB22427EF100E6ACDA /* DIMTransceiver.m in Sources */,
				E9BBC1DD22427EF100E6ACDA /* DIMMetaCommand.m in Sources */,
				E9FC8E0322B9089E0013FCD3 /* DIMWebpageContent.m in Sources */,
				E9BBC1DF22427EF100E6ACDA /* DIMCommand.m in Sources */,
				E9BBC1DE22427EF100E6ACDA /* DIMGroupCommand.m in Sources */,
				E9FC8DFD22B9089E0013FCD3 /* DIMVideoContent.m in Sources */,
				E91F2B31230152E800BE05D0 /* DIMContact.m in Sources */,
				E9BBC1D722427EF100E6ACDA /* DIMProfileCommand.m in Sources */,
				E9BBC1B422427EF100E6ACDA /* DIMCertificateAuthority.m in Sources */,
				E9BBC1E122427EF100E6ACDA /* DIMBarrack.m in Sources */,
				E9E824CC224BF64700A029F1 /* DIMReceiptCommand.m in Sources */,
				E9FC8DFF22B9089E0013FCD3 /* DIMTextContent.m in Sources */,
				E9BBC1D622427EF100E6ACDA /* DIMHandshakeCommand.m in Sources */,
				E91F2B30230152E800BE05D0 /* DIMMember.m in Sources */,
				E9BBC1B222427EF100E6ACDA /* DIMCAData.m in Sources */,
				E94C8DF622DDE1E20017F998 /* NSData+Extension.m in Sources */,
				E9FC8E0722B9089E0013FCD3 /* DIMAudioContent.m in Sources */,
				E91F2B2C230152E800BE05D0 /* DIMChatroom.m in Sources */,
				E9BBC1AC22427EF100E6ACDA /* DIMServiceProvider.m in Sources */,
				E9BBC1B522427EF100E6ACDA /* DIMCAValidity.m in Sources */,
				E9BBC1B322427EF100E6ACDA /* DIMCASubject.m in Sources */,
				E9FC8E2B22B92F7E0013FCD3 /* DIMHistoryCommand.m in Sources */,
				E96D14A0231F9B5300B5EA59 /* DIMRobot.m in Sources */,
				E91F2B2B230152E800BE05D0 /* DIMPolylogue.m in Sources */,
				E959902822F2CE0600C97D2D /* DIMKeyCache.m in Sources */,
			);
			runOnlyForDeploymentPostprocessing = 0;
		};
		E9BBC14722427EBC00E6ACDA /* Sources */ = {
			isa = PBXSourcesBuildPhase;
			buildActionMask = 2147483647;
			files = (
				E9BBC15122427EBC00E6ACDA /* DIMCoreTests.m in Sources */,
			);
			runOnlyForDeploymentPostprocessing = 0;
		};
/* End PBXSourcesBuildPhase section */

/* Begin PBXTargetDependency section */
		E9BBC14E22427EBC00E6ACDA /* PBXTargetDependency */ = {
			isa = PBXTargetDependency;
			target = E9BBC14122427EBC00E6ACDA /* DIMCore */;
			targetProxy = E9BBC14D22427EBC00E6ACDA /* PBXContainerItemProxy */;
		};
		E9BBC1F822427FC500E6ACDA /* PBXTargetDependency */ = {
			isa = PBXTargetDependency;
			name = MingKeMing;
			targetProxy = E9BBC1F722427FC500E6ACDA /* PBXContainerItemProxy */;
		};
		E9BBC1FA22427FC800E6ACDA /* PBXTargetDependency */ = {
			isa = PBXTargetDependency;
			name = DaoKeDao;
			targetProxy = E9BBC1F922427FC800E6ACDA /* PBXContainerItemProxy */;
		};
/* End PBXTargetDependency section */

/* Begin XCBuildConfiguration section */
		E9BBC15422427EBC00E6ACDA /* Debug */ = {
			isa = XCBuildConfiguration;
			buildSettings = {
				ALWAYS_SEARCH_USER_PATHS = NO;
				CLANG_ANALYZER_NONNULL = YES;
				CLANG_ANALYZER_NUMBER_OBJECT_CONVERSION = YES_AGGRESSIVE;
				CLANG_CXX_LANGUAGE_STANDARD = "gnu++14";
				CLANG_CXX_LIBRARY = "libc++";
				CLANG_ENABLE_MODULES = YES;
				CLANG_ENABLE_OBJC_ARC = YES;
				CLANG_ENABLE_OBJC_WEAK = YES;
				CLANG_WARN_BLOCK_CAPTURE_AUTORELEASING = YES;
				CLANG_WARN_BOOL_CONVERSION = YES;
				CLANG_WARN_COMMA = YES;
				CLANG_WARN_CONSTANT_CONVERSION = YES;
				CLANG_WARN_DEPRECATED_OBJC_IMPLEMENTATIONS = YES;
				CLANG_WARN_DIRECT_OBJC_ISA_USAGE = YES_ERROR;
				CLANG_WARN_DOCUMENTATION_COMMENTS = YES;
				CLANG_WARN_EMPTY_BODY = YES;
				CLANG_WARN_ENUM_CONVERSION = YES;
				CLANG_WARN_INFINITE_RECURSION = YES;
				CLANG_WARN_INT_CONVERSION = YES;
				CLANG_WARN_NON_LITERAL_NULL_CONVERSION = YES;
				CLANG_WARN_OBJC_IMPLICIT_RETAIN_SELF = YES;
				CLANG_WARN_OBJC_LITERAL_CONVERSION = YES;
				CLANG_WARN_OBJC_ROOT_CLASS = YES_ERROR;
				CLANG_WARN_RANGE_LOOP_ANALYSIS = YES;
				CLANG_WARN_STRICT_PROTOTYPES = YES;
				CLANG_WARN_SUSPICIOUS_MOVE = YES;
				CLANG_WARN_UNGUARDED_AVAILABILITY = YES_AGGRESSIVE;
				CLANG_WARN_UNREACHABLE_CODE = YES;
				CLANG_WARN__DUPLICATE_METHOD_MATCH = YES;
				CODE_SIGN_IDENTITY = "Mac Developer";
				COPY_PHASE_STRIP = NO;
				CURRENT_PROJECT_VERSION = 1;
				DEBUG_INFORMATION_FORMAT = dwarf;
				ENABLE_STRICT_OBJC_MSGSEND = YES;
				ENABLE_TESTABILITY = YES;
				GCC_C_LANGUAGE_STANDARD = gnu11;
				GCC_DYNAMIC_NO_PIC = NO;
				GCC_NO_COMMON_BLOCKS = YES;
				GCC_OPTIMIZATION_LEVEL = 0;
				GCC_PREPROCESSOR_DEFINITIONS = (
					"DEBUG=1",
					"$(inherited)",
				);
				GCC_WARN_64_TO_32_BIT_CONVERSION = YES;
				GCC_WARN_ABOUT_RETURN_TYPE = YES_ERROR;
				GCC_WARN_UNDECLARED_SELECTOR = YES;
				GCC_WARN_UNINITIALIZED_AUTOS = YES_AGGRESSIVE;
				GCC_WARN_UNUSED_FUNCTION = YES;
				GCC_WARN_UNUSED_VARIABLE = YES;
				MACOSX_DEPLOYMENT_TARGET = 10.14;
				MTL_ENABLE_DEBUG_INFO = INCLUDE_SOURCE;
				MTL_FAST_MATH = YES;
				ONLY_ACTIVE_ARCH = YES;
				SDKROOT = macosx;
				VERSIONING_SYSTEM = "apple-generic";
				VERSION_INFO_PREFIX = "";
			};
			name = Debug;
		};
		E9BBC15522427EBC00E6ACDA /* Release */ = {
			isa = XCBuildConfiguration;
			buildSettings = {
				ALWAYS_SEARCH_USER_PATHS = NO;
				CLANG_ANALYZER_NONNULL = YES;
				CLANG_ANALYZER_NUMBER_OBJECT_CONVERSION = YES_AGGRESSIVE;
				CLANG_CXX_LANGUAGE_STANDARD = "gnu++14";
				CLANG_CXX_LIBRARY = "libc++";
				CLANG_ENABLE_MODULES = YES;
				CLANG_ENABLE_OBJC_ARC = YES;
				CLANG_ENABLE_OBJC_WEAK = YES;
				CLANG_WARN_BLOCK_CAPTURE_AUTORELEASING = YES;
				CLANG_WARN_BOOL_CONVERSION = YES;
				CLANG_WARN_COMMA = YES;
				CLANG_WARN_CONSTANT_CONVERSION = YES;
				CLANG_WARN_DEPRECATED_OBJC_IMPLEMENTATIONS = YES;
				CLANG_WARN_DIRECT_OBJC_ISA_USAGE = YES_ERROR;
				CLANG_WARN_DOCUMENTATION_COMMENTS = YES;
				CLANG_WARN_EMPTY_BODY = YES;
				CLANG_WARN_ENUM_CONVERSION = YES;
				CLANG_WARN_INFINITE_RECURSION = YES;
				CLANG_WARN_INT_CONVERSION = YES;
				CLANG_WARN_NON_LITERAL_NULL_CONVERSION = YES;
				CLANG_WARN_OBJC_IMPLICIT_RETAIN_SELF = YES;
				CLANG_WARN_OBJC_LITERAL_CONVERSION = YES;
				CLANG_WARN_OBJC_ROOT_CLASS = YES_ERROR;
				CLANG_WARN_RANGE_LOOP_ANALYSIS = YES;
				CLANG_WARN_STRICT_PROTOTYPES = YES;
				CLANG_WARN_SUSPICIOUS_MOVE = YES;
				CLANG_WARN_UNGUARDED_AVAILABILITY = YES_AGGRESSIVE;
				CLANG_WARN_UNREACHABLE_CODE = YES;
				CLANG_WARN__DUPLICATE_METHOD_MATCH = YES;
				CODE_SIGN_IDENTITY = "Mac Developer";
				COPY_PHASE_STRIP = NO;
				CURRENT_PROJECT_VERSION = 1;
				DEBUG_INFORMATION_FORMAT = "dwarf-with-dsym";
				ENABLE_NS_ASSERTIONS = NO;
				ENABLE_STRICT_OBJC_MSGSEND = YES;
				GCC_C_LANGUAGE_STANDARD = gnu11;
				GCC_NO_COMMON_BLOCKS = YES;
				GCC_WARN_64_TO_32_BIT_CONVERSION = YES;
				GCC_WARN_ABOUT_RETURN_TYPE = YES_ERROR;
				GCC_WARN_UNDECLARED_SELECTOR = YES;
				GCC_WARN_UNINITIALIZED_AUTOS = YES_AGGRESSIVE;
				GCC_WARN_UNUSED_FUNCTION = YES;
				GCC_WARN_UNUSED_VARIABLE = YES;
				MACOSX_DEPLOYMENT_TARGET = 10.14;
				MTL_ENABLE_DEBUG_INFO = NO;
				MTL_FAST_MATH = YES;
				SDKROOT = macosx;
				VERSIONING_SYSTEM = "apple-generic";
				VERSION_INFO_PREFIX = "";
			};
			name = Release;
		};
		E9BBC15722427EBC00E6ACDA /* Debug */ = {
			isa = XCBuildConfiguration;
			buildSettings = {
				CODE_SIGN_IDENTITY = "";
				CODE_SIGN_STYLE = Automatic;
				COMBINE_HIDPI_IMAGES = YES;
				DEFINES_MODULE = YES;
				DEVELOPMENT_TEAM = JUVC7SZJE7;
				DYLIB_COMPATIBILITY_VERSION = 1;
				DYLIB_CURRENT_VERSION = 1;
				DYLIB_INSTALL_NAME_BASE = "@rpath";
				FRAMEWORK_VERSION = A;
				HEADER_SEARCH_PATHS = (
					"../../dkd-objc/Classes/**",
					"../../mkm-objc/Classes/**",
				);
				INFOPLIST_FILE = DIMCore/Info.plist;
				INSTALL_PATH = "$(LOCAL_LIBRARY_DIR)/Frameworks";
				LD_RUNPATH_SEARCH_PATHS = (
					"$(inherited)",
					"@executable_path/../Frameworks",
					"@loader_path/Frameworks",
				);
				MACOSX_DEPLOYMENT_TARGET = 10.13;
				PRODUCT_BUNDLE_IDENTIFIER = DIM.DIMCore;
				PRODUCT_NAME = "$(TARGET_NAME:c99extidentifier)";
				SKIP_INSTALL = YES;
			};
			name = Debug;
		};
		E9BBC15822427EBC00E6ACDA /* Release */ = {
			isa = XCBuildConfiguration;
			buildSettings = {
				CODE_SIGN_IDENTITY = "";
				CODE_SIGN_STYLE = Automatic;
				COMBINE_HIDPI_IMAGES = YES;
				DEFINES_MODULE = YES;
				DEVELOPMENT_TEAM = JUVC7SZJE7;
				DYLIB_COMPATIBILITY_VERSION = 1;
				DYLIB_CURRENT_VERSION = 1;
				DYLIB_INSTALL_NAME_BASE = "@rpath";
				FRAMEWORK_VERSION = A;
				HEADER_SEARCH_PATHS = (
					"../../dkd-objc/Classes/**",
					"../../mkm-objc/Classes/**",
				);
				INFOPLIST_FILE = DIMCore/Info.plist;
				INSTALL_PATH = "$(LOCAL_LIBRARY_DIR)/Frameworks";
				LD_RUNPATH_SEARCH_PATHS = (
					"$(inherited)",
					"@executable_path/../Frameworks",
					"@loader_path/Frameworks",
				);
				MACOSX_DEPLOYMENT_TARGET = 10.13;
				PRODUCT_BUNDLE_IDENTIFIER = DIM.DIMCore;
				PRODUCT_NAME = "$(TARGET_NAME:c99extidentifier)";
				SKIP_INSTALL = YES;
			};
			name = Release;
		};
		E9BBC15A22427EBC00E6ACDA /* Debug */ = {
			isa = XCBuildConfiguration;
			buildSettings = {
				CODE_SIGN_STYLE = Automatic;
				COMBINE_HIDPI_IMAGES = YES;
				DEVELOPMENT_TEAM = JUVC7SZJE7;
				INFOPLIST_FILE = DIMCoreTests/Info.plist;
				LD_RUNPATH_SEARCH_PATHS = (
					"$(inherited)",
					"@executable_path/../Frameworks",
					"@loader_path/../Frameworks",
				);
				PRODUCT_BUNDLE_IDENTIFIER = DIM.DIMCoreTests;
				PRODUCT_NAME = "$(TARGET_NAME)";
			};
			name = Debug;
		};
		E9BBC15B22427EBC00E6ACDA /* Release */ = {
			isa = XCBuildConfiguration;
			buildSettings = {
				CODE_SIGN_STYLE = Automatic;
				COMBINE_HIDPI_IMAGES = YES;
				DEVELOPMENT_TEAM = JUVC7SZJE7;
				INFOPLIST_FILE = DIMCoreTests/Info.plist;
				LD_RUNPATH_SEARCH_PATHS = (
					"$(inherited)",
					"@executable_path/../Frameworks",
					"@loader_path/../Frameworks",
				);
				PRODUCT_BUNDLE_IDENTIFIER = DIM.DIMCoreTests;
				PRODUCT_NAME = "$(TARGET_NAME)";
			};
			name = Release;
		};
/* End XCBuildConfiguration section */

/* Begin XCConfigurationList section */
		E9BBC13C22427EBC00E6ACDA /* Build configuration list for PBXProject "DIMCore" */ = {
			isa = XCConfigurationList;
			buildConfigurations = (
				E9BBC15422427EBC00E6ACDA /* Debug */,
				E9BBC15522427EBC00E6ACDA /* Release */,
			);
			defaultConfigurationIsVisible = 0;
			defaultConfigurationName = Release;
		};
		E9BBC15622427EBC00E6ACDA /* Build configuration list for PBXNativeTarget "DIMCore" */ = {
			isa = XCConfigurationList;
			buildConfigurations = (
				E9BBC15722427EBC00E6ACDA /* Debug */,
				E9BBC15822427EBC00E6ACDA /* Release */,
			);
			defaultConfigurationIsVisible = 0;
			defaultConfigurationName = Release;
		};
		E9BBC15922427EBC00E6ACDA /* Build configuration list for PBXNativeTarget "DIMCoreTests" */ = {
			isa = XCConfigurationList;
			buildConfigurations = (
				E9BBC15A22427EBC00E6ACDA /* Debug */,
				E9BBC15B22427EBC00E6ACDA /* Release */,
			);
			defaultConfigurationIsVisible = 0;
			defaultConfigurationName = Release;
		};
/* End XCConfigurationList section */
	};
	rootObject = E9BBC13922427EBC00E6ACDA /* Project object */;
}
